<?xml version="1.0" encoding="utf-8"?>
<Project ToolsVersion="4.0" xmlns="http://schemas.microsoft.com/developer/msbuild/2003">
  <ItemGroup>
    <Filter Include="Исходные файлы">
      <UniqueIdentifier>{4FC737F1-C7A5-4376-A066-2A32D752A2FF}</UniqueIdentifier>
      <Extensions>cpp;c;cc;cxx;c++;cppm;ixx;def;odl;idl;hpj;bat;asm;asmx</Extensions>
    </Filter>
    <Filter Include="Файлы заголовков">
      <UniqueIdentifier>{93995380-89BD-4b04-88EB-625FBE52EBFB}</UniqueIdentifier>
      <Extensions>h;hh;hpp;hxx;h++;hm;inl;inc;ipp;xsd</Extensions>
    </Filter>
    <Filter Include="Файлы ресурсов">
      <UniqueIdentifier>{67DA6AB6-F800-4c08-8B7A-83BB121AAD01}</UniqueIdentifier>
      <Extensions>rc;ico;cur;bmp;dlg;rc2;rct;bin;rgs;gif;jpg;jpeg;jpe;resx;tiff;tif;png;wav;mfcribbon-ms</Extensions>
    </Filter>
    <Filter Include="Исходные файлы\Camera">
      <UniqueIdentifier>{18d2019a-67bf-430a-a431-b97c77d93b3b}</UniqueIdentifier>
    </Filter>
    <Filter Include="Исходные файлы\Renderer">
      <UniqueIdentifier>{d0e3c5cf-ae27-498c-8da3-4945bb835605}</UniqueIdentifier>
    </Filter>
    <Filter Include="Исходные файлы\Input">
      <UniqueIdentifier>{15f84514-630a-40dc-931c-02228014dbbc}</UniqueIdentifier>
    </Filter>
    <Filter Include="Исходные файлы\Shaders">
      <UniqueIdentifier>{cd3b70e3-fd1a-4623-b3b5-8ce31dcbf2d5}</UniqueIdentifier>
    </Filter>
    <Filter Include="Исходные файлы\Shaders\Cube">
      <UniqueIdentifier>{72b860e7-69dd-43ac-992b-a25df9b051c6}</UniqueIdentifier>
    </Filter>
  </ItemGroup>
  <ItemGroup>
    <ClInclude Include="resource1.h">
      <Filter>Файлы заголовков</Filter>
    </ClInclude>
    <ClInclude Include="camera.h">
      <Filter>Исходные файлы\Camera</Filter>
    </ClInclude>
    <ClInclude Include="input.h">
      <Filter>Исходные файлы\Input</Filter>
    </ClInclude>
    <ClInclude Include="renderer.h">
      <Filter>Исходные файлы\Renderer</Filter>
    </ClInclude>
  </ItemGroup>
  <ItemGroup>
    <ClCompile Include="main.cpp">
      <Filter>Исходные файлы</Filter>
    </ClCompile>
    <ClCompile Include="camera.cpp">
      <Filter>Исходные файлы\Camera</Filter>
    </ClCompile>
    <ClCompile Include="input.cpp">
      <Filter>Исходные файлы\Input</Filter>
    </ClCompile>
    <ClCompile Include="renderer.cpp">
      <Filter>Исходные файлы\Renderer</Filter>
    </ClCompile>
  </ItemGroup>
  <ItemGroup>
    <ResourceCompile Include="t2_tonemapping.rc">
      <Filter>Файлы ресурсов</Filter>
    </ResourceCompile>
  </ItemGroup>
  <ItemGroup>
    <FxCompile Include="cube_PS.hlsl">
      <Filter>Исходные файлы\Shaders\Cube</Filter>
    </FxCompile>
    <FxCompile Include="cube_VS.hlsl">
      <Filter>Исходные файлы\Shaders\Cube</Filter>
    </FxCompile>
  </ItemGroup>
</Project>