<?xml version="1.0" encoding="utf-8"?>
<Project ToolsVersion="4.0" xmlns="http://schemas.microsoft.com/developer/msbuild/2003">
  <ItemGroup>
    <Filter Include="Исходные файлы">
      <UniqueIdentifier>{4FC737F1-C7A5-4376-A066-2A32D752A2FF}</UniqueIdentifier>
      <Extensions>cpp;c;cc;cxx;c++;cppm;ixx;def;odl;idl;hpj;bat;asm;asmx</Extensions>
    </Filter>
    <Filter Include="Файлы заголовков">
      <UniqueIdentifier>{93995380-89BD-4b04-88EB-625FBE52EBFB}</UniqueIdentifier>
      <Extensions>h;hh;hpp;hxx;h++;hm;inl;inc;ipp;xsd</Extensions>
    </Filter>
    <Filter Include="Файлы ресурсов">
      <UniqueIdentifier>{67DA6AB6-F800-4c08-8B7A-83BB121AAD01}</UniqueIdentifier>
      <Extensions>rc;ico;cur;bmp;dlg;rc2;rct;bin;rgs;gif;jpg;jpeg;jpe;resx;tiff;tif;png;wav;mfcribbon-ms</Extensions>
    </Filter>
    <Filter Include="Исходные файлы\Camera">
      <UniqueIdentifier>{9c7e5950-697c-449e-974e-3e911990f41e}</UniqueIdentifier>
    </Filter>
    <Filter Include="Исходные файлы\Input">
      <UniqueIdentifier>{e79c06c9-0d82-4428-8084-d528be091d1c}</UniqueIdentifier>
    </Filter>
    <Filter Include="Исходные файлы\Shaders">
      <UniqueIdentifier>{bfdde0aa-4c98-47d0-aad6-46d97721c666}</UniqueIdentifier>
    </Filter>
    <Filter Include="Исходные файлы\Renderer">
      <UniqueIdentifier>{607d516e-dbee-4157-8bbd-e590a9ca13f9}</UniqueIdentifier>
    </Filter>
    <Filter Include="Исходные файлы\Shaders\Cube">
      <UniqueIdentifier>{ef0650b5-900c-4d44-9eb8-4b3a398dc3c0}</UniqueIdentifier>
    </Filter>
  </ItemGroup>
  <ItemGroup>
    <ClInclude Include="camera.h">
      <Filter>Исходные файлы\Camera</Filter>
    </ClInclude>
    <ClInclude Include="input.h">
      <Filter>Исходные файлы\Input</Filter>
    </ClInclude>
    <ClInclude Include="renderer.h">
      <Filter>Исходные файлы\Renderer</Filter>
    </ClInclude>
    <ClInclude Include="resource1.h">
      <Filter>Файлы ресурсов</Filter>
    </ClInclude>
  </ItemGroup>
  <ItemGroup>
    <ClCompile Include="main.cpp">
      <Filter>Исходные файлы</Filter>
    </ClCompile>
    <ClCompile Include="camera.cpp">
      <Filter>Исходные файлы\Camera</Filter>
    </ClCompile>
    <ClCompile Include="input.cpp">
      <Filter>Исходные файлы\Input</Filter>
    </ClCompile>
    <ClCompile Include="renderer.cpp">
      <Filter>Исходные файлы\Renderer</Filter>
    </ClCompile>
  </ItemGroup>
  <ItemGroup>
    <FxCompile Include="cube_VS.hlsl">
      <Filter>Исходные файлы\Shaders\Cube</Filter>
    </FxCompile>
    <FxCompile Include="cube_PS.hlsl">
      <Filter>Исходные файлы\Shaders\Cube</Filter>
    </FxCompile>
  </ItemGroup>
</Project>