<?xml version="1.0" encoding="utf-8"?>
<Project ToolsVersion="4.0" xmlns="http://schemas.microsoft.com/developer/msbuild/2003">
  <ItemGroup>
    <Filter Include="Исходные файлы">
      <UniqueIdentifier>{4FC737F1-C7A5-4376-A066-2A32D752A2FF}</UniqueIdentifier>
      <Extensions>cpp;c;cc;cxx;c++;cppm;ixx;def;odl;idl;hpj;bat;asm;asmx</Extensions>
    </Filter>
    <Filter Include="Файлы заголовков">
      <UniqueIdentifier>{93995380-89BD-4b04-88EB-625FBE52EBFB}</UniqueIdentifier>
      <Extensions>h;hh;hpp;hxx;h++;hm;inl;inc;ipp;xsd</Extensions>
    </Filter>
    <Filter Include="Файлы ресурсов">
      <UniqueIdentifier>{67DA6AB6-F800-4c08-8B7A-83BB121AAD01}</UniqueIdentifier>
      <Extensions>rc;ico;cur;bmp;dlg;rc2;rct;bin;rgs;gif;jpg;jpeg;jpe;resx;tiff;tif;png;wav;mfcribbon-ms</Extensions>
    </Filter>
    <Filter Include="D3DInclude">
      <UniqueIdentifier>{2ed65f67-fbb6-429b-927a-889c9d408bd6}</UniqueIdentifier>
    </Filter>
    <Filter Include="libs">
      <UniqueIdentifier>{2a99cb2c-ce20-4734-bbf6-a9da4851031b}</UniqueIdentifier>
    </Filter>
    <Filter Include="libs\ImGui">
      <UniqueIdentifier>{14d48aee-d6b0-49a7-a683-18ba1a46b1f8}</UniqueIdentifier>
    </Filter>
    <Filter Include="libs\STB_Image">
      <UniqueIdentifier>{ad3dd5eb-559c-409e-8228-21be37856d45}</UniqueIdentifier>
    </Filter>
    <Filter Include="Исходные файлы\Camera">
      <UniqueIdentifier>{acf0baa7-1e7b-4a26-9716-c7a4e90dafe2}</UniqueIdentifier>
    </Filter>
    <Filter Include="Исходные файлы\Common">
      <UniqueIdentifier>{002bcbc8-7866-400a-b956-67725e573c75}</UniqueIdentifier>
    </Filter>
    <Filter Include="Исходные файлы\Input">
      <UniqueIdentifier>{63196d0f-cd0f-4de7-9ffe-164e824836cb}</UniqueIdentifier>
    </Filter>
    <Filter Include="Исходные файлы\Materials">
      <UniqueIdentifier>{416f5531-94dd-4693-ae52-02b01fecfc5b}</UniqueIdentifier>
    </Filter>
    <Filter Include="Исходные файлы\Scene">
      <UniqueIdentifier>{9df2abb5-b1d2-4d17-a26d-a199ee09c58c}</UniqueIdentifier>
    </Filter>
    <Filter Include="Исходные файлы\Shaders">
      <UniqueIdentifier>{8238fac8-88d5-4920-862c-d3e6d65bbc72}</UniqueIdentifier>
    </Filter>
    <Filter Include="Исходные файлы\Shaders\HDRToCubeMap">
      <UniqueIdentifier>{4e86c6c8-a209-42bc-9f22-df01ecc246ea}</UniqueIdentifier>
    </Filter>
    <Filter Include="Исходные файлы\Shaders\IBLMapsGenerator">
      <UniqueIdentifier>{f7002559-307c-4010-9559-d55d0a30f6dd}</UniqueIdentifier>
    </Filter>
    <Filter Include="Исходные файлы\Shaders\LightableModels">
      <UniqueIdentifier>{585c2ea4-4113-4751-b40f-938a3b08be0b}</UniqueIdentifier>
    </Filter>
    <Filter Include="Исходные файлы\Shaders\LightableModels\LightableObjs">
      <UniqueIdentifier>{b5d385e3-9102-471c-97b2-ea16ff8e7f9d}</UniqueIdentifier>
    </Filter>
    <Filter Include="Исходные файлы\Shaders\LightableModels\PBRColorObjs">
      <UniqueIdentifier>{9635187f-ea63-430e-9f9c-8ab7253215af}</UniqueIdentifier>
    </Filter>
    <Filter Include="Исходные файлы\Shaders\Postprocessing">
      <UniqueIdentifier>{a2288e5f-e90e-40c9-bacb-1851bf9c7257}</UniqueIdentifier>
    </Filter>
    <Filter Include="Исходные файлы\Shaders\RawColorfulObjs">
      <UniqueIdentifier>{2fa92f92-bbab-4c91-89ce-3613c0a1067a}</UniqueIdentifier>
    </Filter>
    <Filter Include="Исходные файлы\Shaders\Skybox">
      <UniqueIdentifier>{d79f90c2-dd5c-4578-9a23-c79b0d0f96ce}</UniqueIdentifier>
    </Filter>
    <Filter Include="Исходные файлы\Shaders\Postprocessing\Tonemapping">
      <UniqueIdentifier>{afc2cbfc-0441-4d81-bafe-a33376a64afc}</UniqueIdentifier>
    </Filter>
    <Filter Include="Исходные файлы\Scene\Base class">
      <UniqueIdentifier>{e529fde5-78b9-4cf9-a5fc-673e8ecde418}</UniqueIdentifier>
    </Filter>
    <Filter Include="Исходные файлы\Scene\Rendered light">
      <UniqueIdentifier>{faaa7f7f-30f0-485a-bbd9-5d2a0f02b5d9}</UniqueIdentifier>
    </Filter>
    <Filter Include="Исходные файлы\Scene\Rendered primitives">
      <UniqueIdentifier>{1fb83860-8131-4d9f-ae40-5a1a430d99ee}</UniqueIdentifier>
    </Filter>
    <Filter Include="Исходные файлы\Scene\Skybox">
      <UniqueIdentifier>{fd02d6bc-ad28-4334-b14e-9244210f6fee}</UniqueIdentifier>
    </Filter>
    <Filter Include="Исходные файлы\Scene\Skybox\HDRCubeMapGenerator">
      <UniqueIdentifier>{4913b9f5-e8cd-42d4-b063-477429f97556}</UniqueIdentifier>
    </Filter>
    <Filter Include="Исходные файлы\Scene\Skybox\IRRGenerator">
      <UniqueIdentifier>{38aaa078-2403-43d6-9a07-8f51d6a83879}</UniqueIdentifier>
    </Filter>
    <Filter Include="Исходные файлы\Scene\Rendered primitives\Box">
      <UniqueIdentifier>{66ba638d-806f-4a2b-bc52-be834c7ff6ef}</UniqueIdentifier>
    </Filter>
    <Filter Include="Исходные файлы\Scene\Rendered primitives\Sphere">
      <UniqueIdentifier>{c7563649-1b3b-4fa0-9426-856a33196929}</UniqueIdentifier>
    </Filter>
    <Filter Include="Исходные файлы\Materials\Texture">
      <UniqueIdentifier>{c1544341-7f52-41f6-9ac7-c1680f2287d9}</UniqueIdentifier>
    </Filter>
    <Filter Include="Исходные файлы\Materials\Texture\DDSLoader">
      <UniqueIdentifier>{e28d2fc7-386d-40a9-a915-e4f9b10e2d17}</UniqueIdentifier>
    </Filter>
    <Filter Include="Исходные файлы\Materials\Texture\HDRLoader">
      <UniqueIdentifier>{9b112b89-84b3-4aae-816c-31c8f15f28f4}</UniqueIdentifier>
    </Filter>
    <Filter Include="Исходные файлы\GeomPrimitives">
      <UniqueIdentifier>{6e57daf1-1cbe-4954-898b-310199975e26}</UniqueIdentifier>
    </Filter>
    <Filter Include="Исходные файлы\GeomPrimitives\Box">
      <UniqueIdentifier>{b645f914-0c3d-42cc-9841-1ee9247daee6}</UniqueIdentifier>
    </Filter>
    <Filter Include="Исходные файлы\GeomPrimitives\Sphere">
      <UniqueIdentifier>{02a95b57-705b-4b15-adfa-74ef0820e279}</UniqueIdentifier>
    </Filter>
    <Filter Include="Исходные файлы\Model">
      <UniqueIdentifier>{eb80a34d-75ec-4392-8200-6b193f30ef46}</UniqueIdentifier>
    </Filter>
    <Filter Include="Исходные файлы\Model\GLTFLoader">
      <UniqueIdentifier>{afd8b194-9ab1-4241-9530-f02cb26ff3c1}</UniqueIdentifier>
    </Filter>
    <Filter Include="Исходные файлы\Scene\Renderer">
      <UniqueIdentifier>{c83b18be-c141-4bd6-a817-fc943842b0a9}</UniqueIdentifier>
    </Filter>
    <Filter Include="Исходные файлы\Scene\Renderer\Postprocessing">
      <UniqueIdentifier>{98e987c2-45a9-4b19-ab1d-0fec04ae00c3}</UniqueIdentifier>
    </Filter>
    <Filter Include="Исходные файлы\Scene\Renderer\RenderTarget">
      <UniqueIdentifier>{2f91c35f-01f4-4e1a-85d6-e62e00f2e899}</UniqueIdentifier>
    </Filter>
    <Filter Include="Исходные файлы\Scene\Renderer\ScreenPlane">
      <UniqueIdentifier>{907d2a79-4619-4c1e-9fc9-964e0ed00fe9}</UniqueIdentifier>
    </Filter>
    <Filter Include="libs\tinyGLTF">
      <UniqueIdentifier>{a4024c21-4975-4bb9-8621-c1fb9f757393}</UniqueIdentifier>
    </Filter>
    <Filter Include="libs\JSON">
      <UniqueIdentifier>{b1ceac3e-67a6-4047-b929-8d0436ce2389}</UniqueIdentifier>
    </Filter>
  </ItemGroup>
  <ItemGroup>
    <ClInclude Include="resource1.h">
      <Filter>Файлы заголовков</Filter>
    </ClInclude>
    <ClInclude Include="D3DInclude.h">
      <Filter>D3DInclude</Filter>
    </ClInclude>
    <ClInclude Include="..\libs\stb_image.h">
      <Filter>libs\STB_Image</Filter>
    </ClInclude>
    <ClInclude Include="..\libs\ImGUI\imconfig.h">
      <Filter>libs\ImGui</Filter>
    </ClInclude>
    <ClInclude Include="..\libs\ImGUI\imgui.h">
      <Filter>libs\ImGui</Filter>
    </ClInclude>
    <ClInclude Include="..\libs\ImGUI\imgui_impl_dx11.h">
      <Filter>libs\ImGui</Filter>
    </ClInclude>
    <ClInclude Include="..\libs\ImGUI\imgui_impl_win32.h">
      <Filter>libs\ImGui</Filter>
    </ClInclude>
    <ClInclude Include="..\libs\ImGUI\imgui_internal.h">
      <Filter>libs\ImGui</Filter>
    </ClInclude>
    <ClInclude Include="..\libs\ImGUI\imstb_rectpack.h">
      <Filter>libs\ImGui</Filter>
    </ClInclude>
    <ClInclude Include="..\libs\ImGUI\imstb_textedit.h">
      <Filter>libs\ImGui</Filter>
    </ClInclude>
    <ClInclude Include="..\libs\ImGUI\imstb_truetype.h">
      <Filter>libs\ImGui</Filter>
    </ClInclude>
    <ClInclude Include="IBLheader.h">
      <Filter>Исходные файлы\Shaders\IBLMapsGenerator</Filter>
    </ClInclude>
    <ClInclude Include="lightCalc.h">
      <Filter>Исходные файлы\Shaders\LightableModels\LightableObjs</Filter>
    </ClInclude>
    <ClInclude Include="sceneConstantBuffer.h">
      <Filter>Исходные файлы\Shaders\LightableModels\LightableObjs</Filter>
    </ClInclude>
    <ClInclude Include="PBRBuffers.h">
      <Filter>Исходные файлы\Shaders\LightableModels\PBRColorObjs</Filter>
    </ClInclude>
    <ClInclude Include="scene.h">
      <Filter>Исходные файлы\Scene</Filter>
    </ClInclude>
    <ClInclude Include="HDRCubeMapGenerator.h">
      <Filter>Исходные файлы\Scene\Skybox\HDRCubeMapGenerator</Filter>
    </ClInclude>
    <ClInclude Include="IBLMapsGenerator.h">
      <Filter>Исходные файлы\Scene\Skybox\IRRGenerator</Filter>
    </ClInclude>
    <ClInclude Include="skybox.h">
      <Filter>Исходные файлы\Scene\Skybox</Filter>
    </ClInclude>
    <ClInclude Include="Box.h">
      <Filter>Исходные файлы\Scene\Rendered primitives\Box</Filter>
    </ClInclude>
    <ClInclude Include="Sphere.h">
      <Filter>Исходные файлы\Scene\Rendered primitives\Sphere</Filter>
    </ClInclude>
    <ClInclude Include="light.h">
      <Filter>Исходные файлы\Scene\Rendered light</Filter>
    </ClInclude>
    <ClInclude Include="rendered.h">
      <Filter>Исходные файлы\Scene\Base class</Filter>
    </ClInclude>
    <ClInclude Include="renderer.h">
      <Filter>Исходные файлы\Scene\Renderer</Filter>
    </ClInclude>
    <ClInclude Include="screenplane.h">
      <Filter>Исходные файлы\Scene\Renderer\ScreenPlane</Filter>
    </ClInclude>
    <ClInclude Include="renderTargetTexture.h">
      <Filter>Исходные файлы\Scene\Renderer\RenderTarget</Filter>
    </ClInclude>
    <ClInclude Include="postprocessing.h">
      <Filter>Исходные файлы\Scene\Renderer\Postprocessing</Filter>
    </ClInclude>
    <ClInclude Include="texture.h">
      <Filter>Исходные файлы\Materials\Texture</Filter>
    </ClInclude>
    <ClInclude Include="DDSTextureLoader.h">
      <Filter>Исходные файлы\Materials\Texture\DDSLoader</Filter>
    </ClInclude>
    <ClInclude Include="materials.h">
      <Filter>Исходные файлы\Materials</Filter>
    </ClInclude>
    <ClInclude Include="input.h">
      <Filter>Исходные файлы\Input</Filter>
    </ClInclude>
    <ClInclude Include="geomBox.h">
      <Filter>Исходные файлы\GeomPrimitives\Box</Filter>
    </ClInclude>
    <ClInclude Include="geomSphere.h">
      <Filter>Исходные файлы\GeomPrimitives\Sphere</Filter>
    </ClInclude>
    <ClInclude Include="common.h">
      <Filter>Исходные файлы\Common</Filter>
    </ClInclude>
    <ClInclude Include="camera.h">
      <Filter>Исходные файлы\Camera</Filter>
    </ClInclude>
    <ClInclude Include="model.h">
      <Filter>Исходные файлы\Model</Filter>
    </ClInclude>
    <ClInclude Include="..\libs\tiny_gltf.h">
      <Filter>libs\tinyGLTF</Filter>
    </ClInclude>
    <ClInclude Include="..\libs\stb_image_write.h">
      <Filter>libs\STB_Image</Filter>
    </ClInclude>
    <ClInclude Include="..\libs\json.hpp">
      <Filter>libs\JSON</Filter>
    </ClInclude>
  </ItemGroup>
  <ItemGroup>
    <ClCompile Include="main.cpp">
      <Filter>Исходные файлы</Filter>
    </ClCompile>
    <ClCompile Include="D3DInclude.cpp">
      <Filter>D3DInclude</Filter>
    </ClCompile>
    <ClCompile Include="..\libs\ImGUI\imgui.cpp">
      <Filter>libs\ImGui</Filter>
    </ClCompile>
    <ClCompile Include="..\libs\ImGUI\imgui_demo.cpp">
      <Filter>libs\ImGui</Filter>
    </ClCompile>
    <ClCompile Include="..\libs\ImGUI\imgui_draw.cpp">
      <Filter>libs\ImGui</Filter>
    </ClCompile>
    <ClCompile Include="..\libs\ImGUI\imgui_impl_dx11.cpp">
      <Filter>libs\ImGui</Filter>
    </ClCompile>
    <ClCompile Include="..\libs\ImGUI\imgui_impl_win32.cpp">
      <Filter>libs\ImGui</Filter>
    </ClCompile>
    <ClCompile Include="..\libs\ImGUI\imgui_widgets.cpp">
      <Filter>libs\ImGui</Filter>
    </ClCompile>
    <ClCompile Include="scene.cpp">
      <Filter>Исходные файлы\Scene</Filter>
    </ClCompile>
    <ClCompile Include="HDRCubeMapGenerator.cpp">
      <Filter>Исходные файлы\Scene\Skybox\HDRCubeMapGenerator</Filter>
    </ClCompile>
    <ClCompile Include="IBLMapsGenerator.cpp">
      <Filter>Исходные файлы\Scene\Skybox\IRRGenerator</Filter>
    </ClCompile>
    <ClCompile Include="skybox.cpp">
      <Filter>Исходные файлы\Scene\Skybox</Filter>
    </ClCompile>
    <ClCompile Include="Box.cpp">
      <Filter>Исходные файлы\Scene\Rendered primitives\Box</Filter>
    </ClCompile>
    <ClCompile Include="Sphere.cpp">
      <Filter>Исходные файлы\Scene\Rendered primitives\Sphere</Filter>
    </ClCompile>
    <ClCompile Include="light.cpp">
      <Filter>Исходные файлы\Scene\Rendered light</Filter>
    </ClCompile>
    <ClCompile Include="rendered.cpp">
      <Filter>Исходные файлы\Scene\Base class</Filter>
    </ClCompile>
    <ClCompile Include="renderer.cpp">
      <Filter>Исходные файлы\Scene\Renderer</Filter>
    </ClCompile>
    <ClCompile Include="screenplane.cpp">
      <Filter>Исходные файлы\Scene\Renderer\ScreenPlane</Filter>
    </ClCompile>
    <ClCompile Include="renderTargetTexture.cpp">
      <Filter>Исходные файлы\Scene\Renderer\RenderTarget</Filter>
    </ClCompile>
    <ClCompile Include="postprocessing.cpp">
      <Filter>Исходные файлы\Scene\Renderer\Postprocessing</Filter>
    </ClCompile>
    <ClCompile Include="texture.cpp">
      <Filter>Исходные файлы\Materials\Texture</Filter>
    </ClCompile>
    <ClCompile Include="DDSTextureLoader.cpp">
      <Filter>Исходные файлы\Materials\Texture\DDSLoader</Filter>
    </ClCompile>
    <ClCompile Include="stb_image.cpp">
      <Filter>Исходные файлы\Materials\Texture\HDRLoader</Filter>
    </ClCompile>
    <ClCompile Include="input.cpp">
      <Filter>Исходные файлы\Input</Filter>
    </ClCompile>
    <ClCompile Include="geomBox.cpp">
      <Filter>Исходные файлы\GeomPrimitives\Box</Filter>
    </ClCompile>
    <ClCompile Include="geomSphere.cpp">
      <Filter>Исходные файлы\GeomPrimitives\Sphere</Filter>
    </ClCompile>
    <ClCompile Include="common.cpp">
      <Filter>Исходные файлы\Common</Filter>
    </ClCompile>
    <ClCompile Include="camera.cpp">
      <Filter>Исходные файлы\Camera</Filter>
    </ClCompile>
    <ClCompile Include="model.cpp">
      <Filter>Исходные файлы\Model</Filter>
    </ClCompile>
    <ClCompile Include="tiny_gltf.cpp">
      <Filter>Исходные файлы\Model\GLTFLoader</Filter>
    </ClCompile>
  </ItemGroup>
  <ItemGroup>
    <ResourceCompile Include="t6_gltf.rc">
      <Filter>Файлы ресурсов</Filter>
    </ResourceCompile>
  </ItemGroup>
  <ItemGroup>
    <FxCompile Include="HDRToCubeMap_PS.hlsl">
      <Filter>Исходные файлы\Shaders\HDRToCubeMap</Filter>
    </FxCompile>
    <FxCompile Include="HDRToCubeMap_VS.hlsl">
      <Filter>Исходные файлы\Shaders\HDRToCubeMap</Filter>
    </FxCompile>
    <FxCompile Include="BRDFGenerator_PS.hlsl">
      <Filter>Исходные файлы\Shaders\IBLMapsGenerator</Filter>
    </FxCompile>
    <FxCompile Include="CMToIRRMGenerator_PS.hlsl">
      <Filter>Исходные файлы\Shaders\IBLMapsGenerator</Filter>
    </FxCompile>
    <FxCompile Include="CMToPrefilMGenerator_PS.hlsl">
      <Filter>Исходные файлы\Shaders\IBLMapsGenerator</Filter>
    </FxCompile>
    <FxCompile Include="IBLMapsGenerator_vs.hlsl">
      <Filter>Исходные файлы\Shaders\IBLMapsGenerator</Filter>
    </FxCompile>
    <FxCompile Include="box_PS.hlsl">
      <Filter>Исходные файлы\Shaders\LightableModels\LightableObjs</Filter>
    </FxCompile>
    <FxCompile Include="box_VS.hlsl">
      <Filter>Исходные файлы\Shaders\LightableModels\LightableObjs</Filter>
    </FxCompile>
    <FxCompile Include="skybox_PS.hlsl">
      <Filter>Исходные файлы\Shaders\Skybox</Filter>
    </FxCompile>
    <FxCompile Include="skybox_VS.hlsl">
      <Filter>Исходные файлы\Shaders\Skybox</Filter>
    </FxCompile>
    <FxCompile Include="sphere_PS.hlsl">
      <Filter>Исходные файлы\Shaders\LightableModels\PBRColorObjs</Filter>
    </FxCompile>
    <FxCompile Include="sphere_VS.hlsl">
      <Filter>Исходные файлы\Shaders\LightableModels\PBRColorObjs</Filter>
    </FxCompile>
    <FxCompile Include="no_lightning_PS.hlsl">
      <Filter>Исходные файлы\Shaders\RawColorfulObjs</Filter>
    </FxCompile>
    <FxCompile Include="no_lightning_VS.hlsl">
      <Filter>Исходные файлы\Shaders\RawColorfulObjs</Filter>
    </FxCompile>
    <FxCompile Include="screen_plane_VS.hlsl">
      <Filter>Исходные файлы\Shaders\Postprocessing</Filter>
    </FxCompile>
    <FxCompile Include="BrightnessCalc.hlsl">
      <Filter>Исходные файлы\Shaders\Postprocessing\Tonemapping</Filter>
    </FxCompile>
    <FxCompile Include="HDR.hlsl">
      <Filter>Исходные файлы\Shaders\Postprocessing\Tonemapping</Filter>
    </FxCompile>
    <FxCompile Include="sampling_PS.hlsl">
      <Filter>Исходные файлы\Shaders\Postprocessing\Tonemapping</Filter>
    </FxCompile>
  </ItemGroup>
</Project>